// !$*UTF8*$!
{
	archiveVersion = 1;
	classes = {
	};
	objectVersion = 55;
	objects = {

/* Begin PBXBuildFile section */
		556A5F9228CFE9EC00F89EC6 /* ContentView.swift in Sources */ = {isa = PBXBuildFile; fileRef = 556A5F9128CFE9EB00F89EC6 /* ContentView.swift */; };
		55EC1A5328D4FA140024B1C4 /* DeviceLocationService.swift in Sources */ = {isa = PBXBuildFile; fileRef = 55EC1A5228D4FA130024B1C4 /* DeviceLocationService.swift */; };
		55EC1A5528D4FECA0024B1C4 /* ContentViewModel.swift in Sources */ = {isa = PBXBuildFile; fileRef = 55EC1A5428D4FECA0024B1C4 /* ContentViewModel.swift */; };
		6B394E0728D514E500B21E02 /* JSONManager.swift in Sources */ = {isa = PBXBuildFile; fileRef = 6B394E0628D514E500B21E02 /* JSONManager.swift */; };
		6BB7F96328D5185400AF59BC /* cicloviassp.json in Resources */ = {isa = PBXBuildFile; fileRef = 6BB7F96228D5185400AF59BC /* cicloviassp.json */; };
		6BB7F98128DA5A1000AF59BC /* MapView.swift in Sources */ = {isa = PBXBuildFile; fileRef = 6BB7F98028DA5A1000AF59BC /* MapView.swift */; };
		F60BF3F228AEC3230063E21A /* miniChallenge1ProjApp.swift in Sources */ = {isa = PBXBuildFile; fileRef = F60BF3F128AEC3230063E21A /* miniChallenge1ProjApp.swift */; };
		F60BF3F628AEC3260063E21A /* Assets.xcassets in Resources */ = {isa = PBXBuildFile; fileRef = F60BF3F528AEC3260063E21A /* Assets.xcassets */; };
		F60BF3F928AEC3260063E21A /* Preview Assets.xcassets in Resources */ = {isa = PBXBuildFile; fileRef = F60BF3F828AEC3260063E21A /* Preview Assets.xcassets */; };
/* End PBXBuildFile section */

/* Begin PBXFileReference section */
		556A5F9128CFE9EB00F89EC6 /* ContentView.swift */ = {isa = PBXFileReference; fileEncoding = 4; lastKnownFileType = sourcecode.swift; path = ContentView.swift; sourceTree = "<group>"; };
		55EC1A5228D4FA130024B1C4 /* DeviceLocationService.swift */ = {isa = PBXFileReference; lastKnownFileType = sourcecode.swift; path = DeviceLocationService.swift; sourceTree = "<group>"; };
		55EC1A5428D4FECA0024B1C4 /* ContentViewModel.swift */ = {isa = PBXFileReference; lastKnownFileType = sourcecode.swift; path = ContentViewModel.swift; sourceTree = "<group>"; };
		6B394E0628D514E500B21E02 /* JSONManager.swift */ = {isa = PBXFileReference; lastKnownFileType = sourcecode.swift; path = JSONManager.swift; sourceTree = "<group>"; };
		6BB7F96228D5185400AF59BC /* cicloviassp.json */ = {isa = PBXFileReference; lastKnownFileType = text.json; path = cicloviassp.json; sourceTree = "<group>"; };
		6BB7F98028DA5A1000AF59BC /* MapView.swift */ = {isa = PBXFileReference; lastKnownFileType = sourcecode.swift; path = MapView.swift; sourceTree = "<group>"; };
		F60BF3EE28AEC3230063E21A /* miniChallenge1Proj.app */ = {isa = PBXFileReference; explicitFileType = wrapper.application; includeInIndex = 0; path = miniChallenge1Proj.app; sourceTree = BUILT_PRODUCTS_DIR; };
		F60BF3F128AEC3230063E21A /* miniChallenge1ProjApp.swift */ = {isa = PBXFileReference; lastKnownFileType = sourcecode.swift; path = miniChallenge1ProjApp.swift; sourceTree = "<group>"; };
		F60BF3F528AEC3260063E21A /* Assets.xcassets */ = {isa = PBXFileReference; lastKnownFileType = folder.assetcatalog; path = Assets.xcassets; sourceTree = "<group>"; };
		F60BF3F828AEC3260063E21A /* Preview Assets.xcassets */ = {isa = PBXFileReference; lastKnownFileType = folder.assetcatalog; path = "Preview Assets.xcassets"; sourceTree = "<group>"; };
/* End PBXFileReference section */

/* Begin PBXFrameworksBuildPhase section */
		F60BF3EB28AEC3230063E21A /* Frameworks */ = {
			isa = PBXFrameworksBuildPhase;
			buildActionMask = 2147483647;
			files = (
			);
			runOnlyForDeploymentPostprocessing = 0;
		};
/* End PBXFrameworksBuildPhase section */

/* Begin PBXGroup section */
		F60BF3E528AEC3230063E21A = {
			isa = PBXGroup;
			children = (
				6BB7F96228D5185400AF59BC /* cicloviassp.json */,
				F60BF3F028AEC3230063E21A /* miniChallenge1Proj */,
				F60BF3EF28AEC3230063E21A /* Products */,
			);
			sourceTree = "<group>";
		};
		F60BF3EF28AEC3230063E21A /* Products */ = {
			isa = PBXGroup;
			children = (
				F60BF3EE28AEC3230063E21A /* miniChallenge1Proj.app */,
			);
			name = Products;
			sourceTree = "<group>";
		};
		F60BF3F028AEC3230063E21A /* miniChallenge1Proj */ = {
			isa = PBXGroup;
			children = (
				6B394E0628D514E500B21E02 /* JSONManager.swift */,
				F60BF3F128AEC3230063E21A /* miniChallenge1ProjApp.swift */,
				556A5F9128CFE9EB00F89EC6 /* ContentView.swift */,
				55EC1A5228D4FA130024B1C4 /* DeviceLocationService.swift */,
				55EC1A5428D4FECA0024B1C4 /* ContentViewModel.swift */,
				F60BF3F528AEC3260063E21A /* Assets.xcassets */,
				F60BF3F728AEC3260063E21A /* Preview Content */,
				6BB7F98028DA5A1000AF59BC /* MapView.swift */,
			);
			path = miniChallenge1Proj;
			sourceTree = "<group>";
		};
		F60BF3F728AEC3260063E21A /* Preview Content */ = {
			isa = PBXGroup;
			children = (
				F60BF3F828AEC3260063E21A /* Preview Assets.xcassets */,
			);
			path = "Preview Content";
			sourceTree = "<group>";
		};
/* End PBXGroup section */

/* Begin PBXNativeTarget section */
		F60BF3ED28AEC3230063E21A /* miniChallenge1Proj */ = {
			isa = PBXNativeTarget;
			buildConfigurationList = F60BF3FC28AEC3270063E21A /* Build configuration list for PBXNativeTarget "miniChallenge1Proj" */;
			buildPhases = (
				F60BF3EA28AEC3230063E21A /* Sources */,
				F60BF3EB28AEC3230063E21A /* Frameworks */,
				F60BF3EC28AEC3230063E21A /* Resources */,
			);
			buildRules = (
			);
			dependencies = (
			);
			name = miniChallenge1Proj;
			productName = miniChallenge1Proj;
			productReference = F60BF3EE28AEC3230063E21A /* miniChallenge1Proj.app */;
			productType = "com.apple.product-type.application";
		};
/* End PBXNativeTarget section */

/* Begin PBXProject section */
		F60BF3E628AEC3230063E21A /* Project object */ = {
			isa = PBXProject;
			attributes = {
				BuildIndependentTargetsInParallel = 1;
				LastSwiftUpdateCheck = 1320;
				LastUpgradeCheck = 1320;
				TargetAttributes = {
					F60BF3ED28AEC3230063E21A = {
						CreatedOnToolsVersion = 13.2.1;
					};
				};
			};
			buildConfigurationList = F60BF3E928AEC3230063E21A /* Build configuration list for PBXProject "miniChallenge1Proj" */;
			compatibilityVersion = "Xcode 13.0";
			developmentRegion = en;
			hasScannedForEncodings = 0;
			knownRegions = (
				en,
				Base,
			);
			mainGroup = F60BF3E528AEC3230063E21A;
			productRefGroup = F60BF3EF28AEC3230063E21A /* Products */;
			projectDirPath = "";
			projectRoot = "";
			targets = (
				F60BF3ED28AEC3230063E21A /* miniChallenge1Proj */,
			);
		};
/* End PBXProject section */

/* Begin PBXResourcesBuildPhase section */
		F60BF3EC28AEC3230063E21A /* Resources */ = {
			isa = PBXResourcesBuildPhase;
			buildActionMask = 2147483647;
			files = (
				F60BF3F928AEC3260063E21A /* Preview Assets.xcassets in Resources */,
				6BB7F96328D5185400AF59BC /* cicloviassp.json in Resources */,
				F60BF3F628AEC3260063E21A /* Assets.xcassets in Resources */,
			);
			runOnlyForDeploymentPostprocessing = 0;
		};
/* End PBXResourcesBuildPhase section */

/* Begin PBXSourcesBuildPhase section */
		F60BF3EA28AEC3230063E21A /* Sources */ = {
			isa = PBXSourcesBuildPhase;
			buildActionMask = 2147483647;
			files = (
				55EC1A5528D4FECA0024B1C4 /* ContentViewModel.swift in Sources */,
				6BB7F98128DA5A1000AF59BC /* MapView.swift in Sources */,
				F60BF3F228AEC3230063E21A /* miniChallenge1ProjApp.swift in Sources */,
				556A5F9228CFE9EC00F89EC6 /* ContentView.swift in Sources */,
				6B394E0728D514E500B21E02 /* JSONManager.swift in Sources */,
				55EC1A5328D4FA140024B1C4 /* DeviceLocationService.swift in Sources */,
			);
			runOnlyForDeploymentPostprocessing = 0;
		};
/* End PBXSourcesBuildPhase section */

/* Begin XCBuildConfiguration section */
		F60BF3FA28AEC3260063E21A /* Debug */ = {
			isa = XCBuildConfiguration;
			buildSettings = {
				ALWAYS_SEARCH_USER_PATHS = NO;
				CLANG_ANALYZER_NONNULL = YES;
				CLANG_ANALYZER_NUMBER_OBJECT_CONVERSION = YES_AGGRESSIVE;
				CLANG_CXX_LANGUAGE_STANDARD = "gnu++17";
				CLANG_CXX_LIBRARY = "libc++";
				CLANG_ENABLE_MODULES = YES;
				CLANG_ENABLE_OBJC_ARC = YES;
				CLANG_ENABLE_OBJC_WEAK = YES;
				CLANG_WARN_BLOCK_CAPTURE_AUTORELEASING = YES;
				CLANG_WARN_BOOL_CONVERSION = YES;
				CLANG_WARN_COMMA = YES;
				CLANG_WARN_CONSTANT_CONVERSION = YES;
				CLANG_WARN_DEPRECATED_OBJC_IMPLEMENTATIONS = YES;
				CLANG_WARN_DIRECT_OBJC_ISA_USAGE = YES_ERROR;
				CLANG_WARN_DOCUMENTATION_COMMENTS = YES;
				CLANG_WARN_EMPTY_BODY = YES;
				CLANG_WARN_ENUM_CONVERSION = YES;
				CLANG_WARN_INFINITE_RECURSION = YES;
				CLANG_WARN_INT_CONVERSION = YES;
				CLANG_WARN_NON_LITERAL_NULL_CONVERSION = YES;
				CLANG_WARN_OBJC_IMPLICIT_RETAIN_SELF = YES;
				CLANG_WARN_OBJC_LITERAL_CONVERSION = YES;
				CLANG_WARN_OBJC_ROOT_CLASS = YES_ERROR;
				CLANG_WARN_QUOTED_INCLUDE_IN_FRAMEWORK_HEADER = YES;
				CLANG_WARN_RANGE_LOOP_ANALYSIS = YES;
				CLANG_WARN_STRICT_PROTOTYPES = YES;
				CLANG_WARN_SUSPICIOUS_MOVE = YES;
				CLANG_WARN_UNGUARDED_AVAILABILITY = YES_AGGRESSIVE;
				CLANG_WARN_UNREACHABLE_CODE = YES;
				CLANG_WARN__DUPLICATE_METHOD_MATCH = YES;
				COPY_PHASE_STRIP = NO;
				DEBUG_INFORMATION_FORMAT = dwarf;
				ENABLE_STRICT_OBJC_MSGSEND = YES;
				ENABLE_TESTABILITY = YES;
				GCC_C_LANGUAGE_STANDARD = gnu11;
				GCC_DYNAMIC_NO_PIC = NO;
				GCC_NO_COMMON_BLOCKS = YES;
				GCC_OPTIMIZATION_LEVEL = 0;
				GCC_PREPROCESSOR_DEFINITIONS = (
					"DEBUG=1",
					"$(inherited)",
				);
				GCC_WARN_64_TO_32_BIT_CONVERSION = YES;
				GCC_WARN_ABOUT_RETURN_TYPE = YES_ERROR;
				GCC_WARN_UNDECLARED_SELECTOR = YES;
				GCC_WARN_UNINITIALIZED_AUTOS = YES_AGGRESSIVE;
				GCC_WARN_UNUSED_FUNCTION = YES;
				GCC_WARN_UNUSED_VARIABLE = YES;
				IPHONEOS_DEPLOYMENT_TARGET = 15.2;
				MTL_ENABLE_DEBUG_INFO = INCLUDE_SOURCE;
				MTL_FAST_MATH = YES;
				ONLY_ACTIVE_ARCH = YES;
				SDKROOT = iphoneos;
				SWIFT_ACTIVE_COMPILATION_CONDITIONS = DEBUG;
				SWIFT_OPTIMIZATION_LEVEL = "-Onone";
			};
			name = Debug;
		};
		F60BF3FB28AEC3260063E21A /* Release */ = {
			isa = XCBuildConfiguration;
			buildSettings = {
				ALWAYS_SEARCH_USER_PATHS = NO;
				CLANG_ANALYZER_NONNULL = YES;
				CLANG_ANALYZER_NUMBER_OBJECT_CONVERSION = YES_AGGRESSIVE;
				CLANG_CXX_LANGUAGE_STANDARD = "gnu++17";
				CLANG_CXX_LIBRARY = "libc++";
				CLANG_ENABLE_MODULES = YES;
				CLANG_ENABLE_OBJC_ARC = YES;
				CLANG_ENABLE_OBJC_WEAK = YES;
				CLANG_WARN_BLOCK_CAPTURE_AUTORELEASING = YES;
				CLANG_WARN_BOOL_CONVERSION = YES;
				CLANG_WARN_COMMA = YES;
				CLANG_WARN_CONSTANT_CONVERSION = YES;
				CLANG_WARN_DEPRECATED_OBJC_IMPLEMENTATIONS = YES;
				CLANG_WARN_DIRECT_OBJC_ISA_USAGE = YES_ERROR;
				CLANG_WARN_DOCUMENTATION_COMMENTS = YES;
				CLANG_WARN_EMPTY_BODY = YES;
				CLANG_WARN_ENUM_CONVERSION = YES;
				CLANG_WARN_INFINITE_RECURSION = YES;
				CLANG_WARN_INT_CONVERSION = YES;
				CLANG_WARN_NON_LITERAL_NULL_CONVERSION = YES;
				CLANG_WARN_OBJC_IMPLICIT_RETAIN_SELF = YES;
				CLANG_WARN_OBJC_LITERAL_CONVERSION = YES;
				CLANG_WARN_OBJC_ROOT_CLASS = YES_ERROR;
				CLANG_WARN_QUOTED_INCLUDE_IN_FRAMEWORK_HEADER = YES;
				CLANG_WARN_RANGE_LOOP_ANALYSIS = YES;
				CLANG_WARN_STRICT_PROTOTYPES = YES;
				CLANG_WARN_SUSPICIOUS_MOVE = YES;
				CLANG_WARN_UNGUARDED_AVAILABILITY = YES_AGGRESSIVE;
				CLANG_WARN_UNREACHABLE_CODE = YES;
				CLANG_WARN__DUPLICATE_METHOD_MATCH = YES;
				COPY_PHASE_STRIP = NO;
				DEBUG_INFORMATION_FORMAT = "dwarf-with-dsym";
				ENABLE_NS_ASSERTIONS = NO;
				ENABLE_STRICT_OBJC_MSGSEND = YES;
				GCC_C_LANGUAGE_STANDARD = gnu11;
				GCC_NO_COMMON_BLOCKS = YES;
				GCC_WARN_64_TO_32_BIT_CONVERSION = YES;
				GCC_WARN_ABOUT_RETURN_TYPE = YES_ERROR;
				GCC_WARN_UNDECLARED_SELECTOR = YES;
				GCC_WARN_UNINITIALIZED_AUTOS = YES_AGGRESSIVE;
				GCC_WARN_UNUSED_FUNCTION = YES;
				GCC_WARN_UNUSED_VARIABLE = YES;
				IPHONEOS_DEPLOYMENT_TARGET = 15.2;
				MTL_ENABLE_DEBUG_INFO = NO;
				MTL_FAST_MATH = YES;
				SDKROOT = iphoneos;
				SWIFT_COMPILATION_MODE = wholemodule;
				SWIFT_OPTIMIZATION_LEVEL = "-O";
				VALIDATE_PRODUCT = YES;
			};
			name = Release;
		};
		F60BF3FD28AEC3270063E21A /* Debug */ = {
			isa = XCBuildConfiguration;
			buildSettings = {
				ASSETCATALOG_COMPILER_APPICON_NAME = AppIcon;
				ASSETCATALOG_COMPILER_GLOBAL_ACCENT_COLOR_NAME = AccentColor;
				CODE_SIGN_STYLE = Automatic;
				CURRENT_PROJECT_VERSION = 1;
				DEVELOPMENT_ASSET_PATHS = "\"miniChallenge1Proj/Preview Content\"";
				DEVELOPMENT_TEAM = 55AU2SQW7Z;
				ENABLE_PREVIEWS = YES;
				GENERATE_INFOPLIST_FILE = YES;
				INFOPLIST_KEY_NSLocationWhenInUseUsageDescription = "Allow your location ?";
				INFOPLIST_KEY_UIApplicationSceneManifest_Generation = YES;
				INFOPLIST_KEY_UIApplicationSupportsIndirectInputEvents = YES;
				INFOPLIST_KEY_UILaunchScreen_Generation = YES;
				INFOPLIST_KEY_UISupportedInterfaceOrientations_iPad = "UIInterfaceOrientationPortrait UIInterfaceOrientationPortraitUpsideDown UIInterfaceOrientationLandscapeLeft UIInterfaceOrientationLandscapeRight";
				INFOPLIST_KEY_UISupportedInterfaceOrientations_iPhone = "UIInterfaceOrientationPortrait UIInterfaceOrientationLandscapeLeft UIInterfaceOrientationLandscapeRight";
				LD_RUNPATH_SEARCH_PATHS = (
					"$(inherited)",
					"@executable_path/Frameworks",
				);
				MARKETING_VERSION = 1.0;
				PRODUCT_BUNDLE_IDENTIFIER = "personalWebSite-io.github.matheuszanivan.miniChallenge1Proj";
				PRODUCT_NAME = "$(TARGET_NAME)";
				SWIFT_EMIT_LOC_STRINGS = YES;
				SWIFT_VERSION = 5.0;
				TARGETED_DEVICE_FAMILY = "1,2";
			};
			name = Debug;
		};
		F60BF3FE28AEC3270063E21A /* Release */ = {
			isa = XCBuildConfiguration;
			buildSettings = {
				ASSETCATALOG_COMPILER_APPICON_NAME = AppIcon;
				ASSETCATALOG_COMPILER_GLOBAL_ACCENT_COLOR_NAME = AccentColor;
				CODE_SIGN_STYLE = Automatic;
				CURRENT_PROJECT_VERSION = 1;
				DEVELOPMENT_ASSET_PATHS = "\"miniChallenge1Proj/Preview Content\"";
				DEVELOPMENT_TEAM = 55AU2SQW7Z;
				ENABLE_PREVIEWS = YES;
				GENERATE_INFOPLIST_FILE = YES;
				INFOPLIST_KEY_NSLocationWhenInUseUsageDescription = "Allow your location ?";
				INFOPLIST_KEY_UIApplicationSceneManifest_Generation = YES;
				INFOPLIST_KEY_UIApplicationSupportsIndirectInputEvents = YES;
				INFOPLIST_KEY_UILaunchScreen_Generation = YES;
				INFOPLIST_KEY_UISupportedInterfaceOrientations_iPad = "UIInterfaceOrientationPortrait UIInterfaceOrientationPortraitUpsideDown UIInterfaceOrientationLandscapeLeft UIInterfaceOrientationLandscapeRight";
				INFOPLIST_KEY_UISupportedInterfaceOrientations_iPhone = "UIInterfaceOrientationPortrait UIInterfaceOrientationLandscapeLeft UIInterfaceOrientationLandscapeRight";
				LD_RUNPATH_SEARCH_PATHS = (
					"$(inherited)",
					"@executable_path/Frameworks",
				);
				MARKETING_VERSION = 1.0;
				PRODUCT_BUNDLE_IDENTIFIER = "personalWebSite-io.github.matheuszanivan.miniChallenge1Proj";
				PRODUCT_NAME = "$(TARGET_NAME)";
				SWIFT_EMIT_LOC_STRINGS = YES;
				SWIFT_VERSION = 5.0;
				TARGETED_DEVICE_FAMILY = "1,2";
			};
			name = Release;
		};
/* End XCBuildConfiguration section */

/* Begin XCConfigurationList section */
		F60BF3E928AEC3230063E21A /* Build configuration list for PBXProject "miniChallenge1Proj" */ = {
			isa = XCConfigurationList;
			buildConfigurations = (
				F60BF3FA28AEC3260063E21A /* Debug */,
				F60BF3FB28AEC3260063E21A /* Release */,
			);
			defaultConfigurationIsVisible = 0;
			defaultConfigurationName = Release;
		};
		F60BF3FC28AEC3270063E21A /* Build configuration list for PBXNativeTarget "miniChallenge1Proj" */ = {
			isa = XCConfigurationList;
			buildConfigurations = (
				F60BF3FD28AEC3270063E21A /* Debug */,
				F60BF3FE28AEC3270063E21A /* Release */,
			);
			defaultConfigurationIsVisible = 0;
			defaultConfigurationName = Release;
		};
/* End XCConfigurationList section */
	};
	rootObject = F60BF3E628AEC3230063E21A /* Project object */;
}
